{
  "R": {
    "Version": "3.6.3",
    "Repositories": [
      {
        "Name": "CRAN",
        "URL": "https://cran.rstudio.com"
      }
    ]
  },
  "Packages": {
    "renv": {
      "Package": "renv",
      "Version": "0.9.3-106",
      "Source": "GitHub",
      "RemoteType": "github",
      "RemoteHost": "api.github.com",
      "RemoteRepo": "renv",
      "RemoteUsername": "rstudio",
      "RemoteRef": "0.9.3-106",
      "RemoteSha": "96b638a6848a5d21026b4ad574dbfaa462062d7e",
      "Hash": "26e502c4b6b2b32dd4e316ce543a0531"
    },
    "lintr": {
      "Package": "lintr",
      "Version": "2.0.1",
      "Source": "Repository",
      "Repository": "CRAN",
      "Hash": "023cecbdc0a32f86ad3cb1734c018d2e"
    },
    "styler": {
      "Package": "styler",
      "Version": "1.3.2",
      "Source": "Repository",
      "Repository": "CRAN",
      "Hash": "60b23effde8d08a56a64ebeb92a32749"
    }
  }
}
